// !$*UTF8*$!
{
	archiveVersion = 1;
	classes = {
	};
	objectVersion = 46;
	objects = {

/* Begin PBXBuildFile section */
		11CE0070190EE140008A72CC /* Foundation.framework in Frameworks */ = {isa = PBXBuildFile; fileRef = 11CE006F190EE140008A72CC /* Foundation.framework */; };
		11CE0072190EE140008A72CC /* CoreGraphics.framework in Frameworks */ = {isa = PBXBuildFile; fileRef = 11CE0071190EE140008A72CC /* CoreGraphics.framework */; };
		11CE0074190EE140008A72CC /* UIKit.framework in Frameworks */ = {isa = PBXBuildFile; fileRef = 11CE0073190EE140008A72CC /* UIKit.framework */; };
		11CE007A190EE140008A72CC /* InfoPlist.strings in Resources */ = {isa = PBXBuildFile; fileRef = 11CE0078190EE140008A72CC /* InfoPlist.strings */; };
		11CE007C190EE140008A72CC /* main.m in Sources */ = {isa = PBXBuildFile; fileRef = 11CE007B190EE140008A72CC /* main.m */; };
		11CE0080190EE140008A72CC /* AppDelegate.m in Sources */ = {isa = PBXBuildFile; fileRef = 11CE007F190EE140008A72CC /* AppDelegate.m */; };
		11CE0083190EE140008A72CC /* Main_iPhone.storyboard in Resources */ = {isa = PBXBuildFile; fileRef = 11CE0081190EE140008A72CC /* Main_iPhone.storyboard */; };
		11CE0086190EE140008A72CC /* Main_iPad.storyboard in Resources */ = {isa = PBXBuildFile; fileRef = 11CE0084190EE140008A72CC /* Main_iPad.storyboard */; };
		11CE008B190EE140008A72CC /* Images.xcassets in Resources */ = {isa = PBXBuildFile; fileRef = 11CE008A190EE140008A72CC /* Images.xcassets */; };
		11CE0092190EE140008A72CC /* XCTest.framework in Frameworks */ = {isa = PBXBuildFile; fileRef = 11CE0091190EE140008A72CC /* XCTest.framework */; };
		11CE0093190EE140008A72CC /* Foundation.framework in Frameworks */ = {isa = PBXBuildFile; fileRef = 11CE006F190EE140008A72CC /* Foundation.framework */; };
		11CE0094190EE140008A72CC /* UIKit.framework in Frameworks */ = {isa = PBXBuildFile; fileRef = 11CE0073190EE140008A72CC /* UIKit.framework */; };
		11CE009C190EE140008A72CC /* InfoPlist.strings in Resources */ = {isa = PBXBuildFile; fileRef = 11CE009A190EE140008A72CC /* InfoPlist.strings */; };
		11CE009E190EE140008A72CC /* PTSegmentedControlCellTests.m in Sources */ = {isa = PBXBuildFile; fileRef = 11CE009D190EE140008A72CC /* PTSegmentedControlCellTests.m */; };
		11CE00A9190EE15F008A72CC /* MyTableViewController.m in Sources */ = {isa = PBXBuildFile; fileRef = 11CE00A8190EE15F008A72CC /* MyTableViewController.m */; };
		11CE00AD190EE1CD008A72CC /* PTSegmentedControlCell.m in Sources */ = {isa = PBXBuildFile; fileRef = 11CE00AB190EE1CD008A72CC /* PTSegmentedControlCell.m */; };
		11CE00AE190EE1CD008A72CC /* PTSegmentedControlCell.xib in Resources */ = {isa = PBXBuildFile; fileRef = 11CE00AC190EE1CD008A72CC /* PTSegmentedControlCell.xib */; };
/* End PBXBuildFile section */

/* Begin PBXContainerItemProxy section */
		11CE0095190EE140008A72CC /* PBXContainerItemProxy */ = {
			isa = PBXContainerItemProxy;
			containerPortal = 11CE0064190EE140008A72CC /* Project object */;
			proxyType = 1;
			remoteGlobalIDString = 11CE006B190EE140008A72CC;
			remoteInfo = PTSegmentedControlCell;
		};
/* End PBXContainerItemProxy section */

/* Begin PBXFileReference section */
		11CE006C190EE140008A72CC /* PTSegmentedControlCell.app */ = {isa = PBXFileReference; explicitFileType = wrapper.application; includeInIndex = 0; path = PTSegmentedControlCell.app; sourceTree = BUILT_PRODUCTS_DIR; };
		11CE006F190EE140008A72CC /* Foundation.framework */ = {isa = PBXFileReference; lastKnownFileType = wrapper.framework; name = Foundation.framework; path = System/Library/Frameworks/Foundation.framework; sourceTree = SDKROOT; };
		11CE0071190EE140008A72CC /* CoreGraphics.framework */ = {isa = PBXFileReference; lastKnownFileType = wrapper.framework; name = CoreGraphics.framework; path = System/Library/Frameworks/CoreGraphics.framework; sourceTree = SDKROOT; };
		11CE0073190EE140008A72CC /* UIKit.framework */ = {isa = PBXFileReference; lastKnownFileType = wrapper.framework; name = UIKit.framework; path = System/Library/Frameworks/UIKit.framework; sourceTree = SDKROOT; };
		11CE0077190EE140008A72CC /* PTSegmentedControlCell-Info.plist */ = {isa = PBXFileReference; lastKnownFileType = text.plist.xml; path = "PTSegmentedControlCell-Info.plist"; sourceTree = "<group>"; };
		11CE0079190EE140008A72CC /* en */ = {isa = PBXFileReference; lastKnownFileType = text.plist.strings; name = en; path = en.lproj/InfoPlist.strings; sourceTree = "<group>"; };
		11CE007B190EE140008A72CC /* main.m */ = {isa = PBXFileReference; lastKnownFileType = sourcecode.c.objc; path = main.m; sourceTree = "<group>"; };
		11CE007D190EE140008A72CC /* PTSegmentedControlCell-Prefix.pch */ = {isa = PBXFileReference; lastKnownFileType = sourcecode.c.h; path = "PTSegmentedControlCell-Prefix.pch"; sourceTree = "<group>"; };
		11CE007E190EE140008A72CC /* AppDelegate.h */ = {isa = PBXFileReference; lastKnownFileType = sourcecode.c.h; path = AppDelegate.h; sourceTree = "<group>"; };
		11CE007F190EE140008A72CC /* AppDelegate.m */ = {isa = PBXFileReference; lastKnownFileType = sourcecode.c.objc; path = AppDelegate.m; sourceTree = "<group>"; };
		11CE0082190EE140008A72CC /* Base */ = {isa = PBXFileReference; lastKnownFileType = file.storyboard; name = Base; path = Base.lproj/Main_iPhone.storyboard; sourceTree = "<group>"; };
		11CE0085190EE140008A72CC /* Base */ = {isa = PBXFileReference; lastKnownFileType = file.storyboard; name = Base; path = Base.lproj/Main_iPad.storyboard; sourceTree = "<group>"; };
		11CE008A190EE140008A72CC /* Images.xcassets */ = {isa = PBXFileReference; lastKnownFileType = folder.assetcatalog; path = Images.xcassets; sourceTree = "<group>"; };
		11CE0090190EE140008A72CC /* PTSegmentedControlCellTests.xctest */ = {isa = PBXFileReference; explicitFileType = wrapper.cfbundle; includeInIndex = 0; path = PTSegmentedControlCellTests.xctest; sourceTree = BUILT_PRODUCTS_DIR; };
		11CE0091190EE140008A72CC /* XCTest.framework */ = {isa = PBXFileReference; lastKnownFileType = wrapper.framework; name = XCTest.framework; path = Library/Frameworks/XCTest.framework; sourceTree = DEVELOPER_DIR; };
		11CE0099190EE140008A72CC /* PTSegmentedControlCellTests-Info.plist */ = {isa = PBXFileReference; lastKnownFileType = text.plist.xml; path = "PTSegmentedControlCellTests-Info.plist"; sourceTree = "<group>"; };
		11CE009B190EE140008A72CC /* en */ = {isa = PBXFileReference; lastKnownFileType = text.plist.strings; name = en; path = en.lproj/InfoPlist.strings; sourceTree = "<group>"; };
		11CE009D190EE140008A72CC /* PTSegmentedControlCellTests.m */ = {isa = PBXFileReference; lastKnownFileType = sourcecode.c.objc; path = PTSegmentedControlCellTests.m; sourceTree = "<group>"; };
		11CE00A7190EE15F008A72CC /* MyTableViewController.h */ = {isa = PBXFileReference; fileEncoding = 4; lastKnownFileType = sourcecode.c.h; path = MyTableViewController.h; sourceTree = "<group>"; };
		11CE00A8190EE15F008A72CC /* MyTableViewController.m */ = {isa = PBXFileReference; fileEncoding = 4; lastKnownFileType = sourcecode.c.objc; path = MyTableViewController.m; sourceTree = "<group>"; };
		11CE00AA190EE1CD008A72CC /* PTSegmentedControlCell.h */ = {isa = PBXFileReference; fileEncoding = 4; lastKnownFileType = sourcecode.c.h; path = PTSegmentedControlCell.h; sourceTree = "<group>"; };
		11CE00AB190EE1CD008A72CC /* PTSegmentedControlCell.m */ = {isa = PBXFileReference; fileEncoding = 4; lastKnownFileType = sourcecode.c.objc; path = PTSegmentedControlCell.m; sourceTree = "<group>"; };
		11CE00AC190EE1CD008A72CC /* PTSegmentedControlCell.xib */ = {isa = PBXFileReference; fileEncoding = 4; lastKnownFileType = file.xib; path = PTSegmentedControlCell.xib; sourceTree = "<group>"; };
/* End PBXFileReference section */

/* Begin PBXFrameworksBuildPhase section */
		11CE0069190EE140008A72CC /* Frameworks */ = {
			isa = PBXFrameworksBuildPhase;
			buildActionMask = 2147483647;
			files = (
				11CE0072190EE140008A72CC /* CoreGraphics.framework in Frameworks */,
				11CE0074190EE140008A72CC /* UIKit.framework in Frameworks */,
				11CE0070190EE140008A72CC /* Foundation.framework in Frameworks */,
			);
			runOnlyForDeploymentPostprocessing = 0;
		};
		11CE008D190EE140008A72CC /* Frameworks */ = {
			isa = PBXFrameworksBuildPhase;
			buildActionMask = 2147483647;
			files = (
				11CE0092190EE140008A72CC /* XCTest.framework in Frameworks */,
				11CE0094190EE140008A72CC /* UIKit.framework in Frameworks */,
				11CE0093190EE140008A72CC /* Foundation.framework in Frameworks */,
			);
			runOnlyForDeploymentPostprocessing = 0;
		};
/* End PBXFrameworksBuildPhase section */

/* Begin PBXGroup section */
		11CE0063190EE140008A72CC = {
			isa = PBXGroup;
			children = (
				11CE0075190EE140008A72CC /* PTSegmentedControlCell */,
				11CE0097190EE140008A72CC /* PTSegmentedControlCellTests */,
				11CE006E190EE140008A72CC /* Frameworks */,
				11CE006D190EE140008A72CC /* Products */,
			);
			sourceTree = "<group>";
		};
		11CE006D190EE140008A72CC /* Products */ = {
			isa = PBXGroup;
			children = (
				11CE006C190EE140008A72CC /* PTSegmentedControlCell.app */,
				11CE0090190EE140008A72CC /* PTSegmentedControlCellTests.xctest */,
			);
			name = Products;
			sourceTree = "<group>";
		};
		11CE006E190EE140008A72CC /* Frameworks */ = {
			isa = PBXGroup;
			children = (
				11CE006F190EE140008A72CC /* Foundation.framework */,
				11CE0071190EE140008A72CC /* CoreGraphics.framework */,
				11CE0073190EE140008A72CC /* UIKit.framework */,
				11CE0091190EE140008A72CC /* XCTest.framework */,
			);
			name = Frameworks;
			sourceTree = "<group>";
		};
		11CE0075190EE140008A72CC /* PTSegmentedControlCell */ = {
			isa = PBXGroup;
			children = (
				11CE007E190EE140008A72CC /* AppDelegate.h */,
				11CE007F190EE140008A72CC /* AppDelegate.m */,
				11CE0081190EE140008A72CC /* Main_iPhone.storyboard */,
				11CE0084190EE140008A72CC /* Main_iPad.storyboard */,
				11CE00A7190EE15F008A72CC /* MyTableViewController.h */,
				11CE00A8190EE15F008A72CC /* MyTableViewController.m */,
				11CE00AA190EE1CD008A72CC /* PTSegmentedControlCell.h */,
				11CE00AB190EE1CD008A72CC /* PTSegmentedControlCell.m */,
				11CE00AC190EE1CD008A72CC /* PTSegmentedControlCell.xib */,
				11CE008A190EE140008A72CC /* Images.xcassets */,
				11CE0076190EE140008A72CC /* Supporting Files */,
			);
			path = PTSegmentedControlCell;
			sourceTree = "<group>";
		};
		11CE0076190EE140008A72CC /* Supporting Files */ = {
			isa = PBXGroup;
			children = (
				11CE0077190EE140008A72CC /* PTSegmentedControlCell-Info.plist */,
				11CE0078190EE140008A72CC /* InfoPlist.strings */,
				11CE007B190EE140008A72CC /* main.m */,
				11CE007D190EE140008A72CC /* PTSegmentedControlCell-Prefix.pch */,
			);
			name = "Supporting Files";
			sourceTree = "<group>";
		};
		11CE0097190EE140008A72CC /* PTSegmentedControlCellTests */ = {
			isa = PBXGroup;
			children = (
				11CE009D190EE140008A72CC /* PTSegmentedControlCellTests.m */,
				11CE0098190EE140008A72CC /* Supporting Files */,
			);
			path = PTSegmentedControlCellTests;
			sourceTree = "<group>";
		};
		11CE0098190EE140008A72CC /* Supporting Files */ = {
			isa = PBXGroup;
			children = (
				11CE0099190EE140008A72CC /* PTSegmentedControlCellTests-Info.plist */,
				11CE009A190EE140008A72CC /* InfoPlist.strings */,
			);
			name = "Supporting Files";
			sourceTree = "<group>";
		};
/* End PBXGroup section */

/* Begin PBXNativeTarget section */
		11CE006B190EE140008A72CC /* PTSegmentedControlCell */ = {
			isa = PBXNativeTarget;
			buildConfigurationList = 11CE00A1190EE140008A72CC /* Build configuration list for PBXNativeTarget "PTSegmentedControlCell" */;
			buildPhases = (
				11CE0068190EE140008A72CC /* Sources */,
				11CE0069190EE140008A72CC /* Frameworks */,
				11CE006A190EE140008A72CC /* Resources */,
			);
			buildRules = (
			);
			dependencies = (
			);
			name = PTSegmentedControlCell;
			productName = PTSegmentedControlCell;
			productReference = 11CE006C190EE140008A72CC /* PTSegmentedControlCell.app */;
			productType = "com.apple.product-type.application";
		};
		11CE008F190EE140008A72CC /* PTSegmentedControlCellTests */ = {
			isa = PBXNativeTarget;
			buildConfigurationList = 11CE00A4190EE140008A72CC /* Build configuration list for PBXNativeTarget "PTSegmentedControlCellTests" */;
			buildPhases = (
				11CE008C190EE140008A72CC /* Sources */,
				11CE008D190EE140008A72CC /* Frameworks */,
				11CE008E190EE140008A72CC /* Resources */,
			);
			buildRules = (
			);
			dependencies = (
				11CE0096190EE140008A72CC /* PBXTargetDependency */,
			);
			name = PTSegmentedControlCellTests;
			productName = PTSegmentedControlCellTests;
			productReference = 11CE0090190EE140008A72CC /* PTSegmentedControlCellTests.xctest */;
			productType = "com.apple.product-type.bundle.unit-test";
		};
/* End PBXNativeTarget section */

/* Begin PBXProject section */
		11CE0064190EE140008A72CC /* Project object */ = {
			isa = PBXProject;
			attributes = {
				LastUpgradeCheck = 0510;
				ORGANIZATIONNAME = "Phillip Harris";
				TargetAttributes = {
					11CE008F190EE140008A72CC = {
						TestTargetID = 11CE006B190EE140008A72CC;
					};
				};
			};
			buildConfigurationList = 11CE0067190EE140008A72CC /* Build configuration list for PBXProject "PTSegmentedControlCell" */;
			compatibilityVersion = "Xcode 3.2";
			developmentRegion = English;
			hasScannedForEncodings = 0;
			knownRegions = (
				en,
				Base,
			);
			mainGroup = 11CE0063190EE140008A72CC;
			productRefGroup = 11CE006D190EE140008A72CC /* Products */;
			projectDirPath = "";
			projectRoot = "";
			targets = (
				11CE006B190EE140008A72CC /* PTSegmentedControlCell */,
				11CE008F190EE140008A72CC /* PTSegmentedControlCellTests */,
			);
		};
/* End PBXProject section */

/* Begin PBXResourcesBuildPhase section */
		11CE006A190EE140008A72CC /* Resources */ = {
			isa = PBXResourcesBuildPhase;
			buildActionMask = 2147483647;
			files = (
				11CE0086190EE140008A72CC /* Main_iPad.storyboard in Resources */,
				11CE008B190EE140008A72CC /* Images.xcassets in Resources */,
				11CE00AE190EE1CD008A72CC /* PTSegmentedControlCell.xib in Resources */,
				11CE0083190EE140008A72CC /* Main_iPhone.storyboard in Resources */,
				11CE007A190EE140008A72CC /* InfoPlist.strings in Resources */,
			);
			runOnlyForDeploymentPostprocessing = 0;
		};
		11CE008E190EE140008A72CC /* Resources */ = {
			isa = PBXResourcesBuildPhase;
			buildActionMask = 2147483647;
			files = (
				11CE009C190EE140008A72CC /* InfoPlist.strings in Resources */,
			);
			runOnlyForDeploymentPostprocessing = 0;
		};
/* End PBXResourcesBuildPhase section */

/* Begin PBXSourcesBuildPhase section */
		11CE0068190EE140008A72CC /* Sources */ = {
			isa = PBXSourcesBuildPhase;
			buildActionMask = 2147483647;
			files = (
				11CE00AD190EE1CD008A72CC /* PTSegmentedControlCell.m in Sources */,
				11CE0080190EE140008A72CC /* AppDelegate.m in Sources */,
				11CE007C190EE140008A72CC /* main.m in Sources */,
				11CE00A9190EE15F008A72CC /* MyTableViewController.m in Sources */,
			);
			runOnlyForDeploymentPostprocessing = 0;
		};
		11CE008C190EE140008A72CC /* Sources */ = {
			isa = PBXSourcesBuildPhase;
			buildActionMask = 2147483647;
			files = (
				11CE009E190EE140008A72CC /* PTSegmentedControlCellTests.m in Sources */,
			);
			runOnlyForDeploymentPostprocessing = 0;
		};
/* End PBXSourcesBuildPhase section */

/* Begin PBXTargetDependency section */
		11CE0096190EE140008A72CC /* PBXTargetDependency */ = {
			isa = PBXTargetDependency;
			target = 11CE006B190EE140008A72CC /* PTSegmentedControlCell */;
			targetProxy = 11CE0095190EE140008A72CC /* PBXContainerItemProxy */;
		};
/* End PBXTargetDependency section */

/* Begin PBXVariantGroup section */
		11CE0078190EE140008A72CC /* InfoPlist.strings */ = {
			isa = PBXVariantGroup;
			children = (
				11CE0079190EE140008A72CC /* en */,
			);
			name = InfoPlist.strings;
			sourceTree = "<group>";
		};
		11CE0081190EE140008A72CC /* Main_iPhone.storyboard */ = {
			isa = PBXVariantGroup;
			children = (
				11CE0082190EE140008A72CC /* Base */,
			);
			name = Main_iPhone.storyboard;
			sourceTree = "<group>";
		};
		11CE0084190EE140008A72CC /* Main_iPad.storyboard */ = {
			isa = PBXVariantGroup;
			children = (
				11CE0085190EE140008A72CC /* Base */,
			);
			name = Main_iPad.storyboard;
			sourceTree = "<group>";
		};
		11CE009A190EE140008A72CC /* InfoPlist.strings */ = {
			isa = PBXVariantGroup;
			children = (
				11CE009B190EE140008A72CC /* en */,
			);
			name = InfoPlist.strings;
			sourceTree = "<group>";
		};
/* End PBXVariantGroup section */

/* Begin XCBuildConfiguration section */
		11CE009F190EE140008A72CC /* Debug */ = {
			isa = XCBuildConfiguration;
			buildSettings = {
				ALWAYS_SEARCH_USER_PATHS = NO;
				CLANG_CXX_LANGUAGE_STANDARD = "gnu++0x";
				CLANG_CXX_LIBRARY = "libc++";
				CLANG_ENABLE_MODULES = YES;
				CLANG_ENABLE_OBJC_ARC = YES;
				CLANG_WARN_BOOL_CONVERSION = YES;
				CLANG_WARN_CONSTANT_CONVERSION = YES;
				CLANG_WARN_DIRECT_OBJC_ISA_USAGE = YES_ERROR;
				CLANG_WARN_EMPTY_BODY = YES;
				CLANG_WARN_ENUM_CONVERSION = YES;
				CLANG_WARN_INT_CONVERSION = YES;
				CLANG_WARN_OBJC_ROOT_CLASS = YES_ERROR;
				CLANG_WARN__DUPLICATE_METHOD_MATCH = YES;
				"CODE_SIGN_IDENTITY[sdk=iphoneos*]" = "iPhone Developer";
				COPY_PHASE_STRIP = NO;
				GCC_C_LANGUAGE_STANDARD = gnu99;
				GCC_DYNAMIC_NO_PIC = NO;
				GCC_OPTIMIZATION_LEVEL = 0;
				GCC_PREPROCESSOR_DEFINITIONS = (
					"DEBUG=1",
					"$(inherited)",
				);
				GCC_SYMBOLS_PRIVATE_EXTERN = NO;
				GCC_WARN_64_TO_32_BIT_CONVERSION = YES;
				GCC_WARN_ABOUT_RETURN_TYPE = YES_ERROR;
				GCC_WARN_UNDECLARED_SELECTOR = YES;
				GCC_WARN_UNINITIALIZED_AUTOS = YES_AGGRESSIVE;
				GCC_WARN_UNUSED_FUNCTION = YES;
				GCC_WARN_UNUSED_VARIABLE = YES;
				IPHONEOS_DEPLOYMENT_TARGET = 7.1;
				ONLY_ACTIVE_ARCH = YES;
				SDKROOT = iphoneos;
				TARGETED_DEVICE_FAMILY = "1,2";
			};
			name = Debug;
		};
		11CE00A0190EE140008A72CC /* Release */ = {
			isa = XCBuildConfiguration;
			buildSettings = {
				ALWAYS_SEARCH_USER_PATHS = NO;
				CLANG_CXX_LANGUAGE_STANDARD = "gnu++0x";
				CLANG_CXX_LIBRARY = "libc++";
				CLANG_ENABLE_MODULES = YES;
				CLANG_ENABLE_OBJC_ARC = YES;
				CLANG_WARN_BOOL_CONVERSION = YES;
				CLANG_WARN_CONSTANT_CONVERSION = YES;
				CLANG_WARN_DIRECT_OBJC_ISA_USAGE = YES_ERROR;
				CLANG_WARN_EMPTY_BODY = YES;
				CLANG_WARN_ENUM_CONVERSION = YES;
				CLANG_WARN_INT_CONVERSION = YES;
				CLANG_WARN_OBJC_ROOT_CLASS = YES_ERROR;
				CLANG_WARN__DUPLICATE_METHOD_MATCH = YES;
				"CODE_SIGN_IDENTITY[sdk=iphoneos*]" = "iPhone Developer";
				COPY_PHASE_STRIP = YES;
				ENABLE_NS_ASSERTIONS = NO;
				GCC_C_LANGUAGE_STANDARD = gnu99;
				GCC_WARN_64_TO_32_BIT_CONVERSION = YES;
				GCC_WARN_ABOUT_RETURN_TYPE = YES_ERROR;
				GCC_WARN_UNDECLARED_SELECTOR = YES;
				GCC_WARN_UNINITIALIZED_AUTOS = YES_AGGRESSIVE;
				GCC_WARN_UNUSED_FUNCTION = YES;
				GCC_WARN_UNUSED_VARIABLE = YES;
				IPHONEOS_DEPLOYMENT_TARGET = 7.1;
				SDKROOT = iphoneos;
				TARGETED_DEVICE_FAMILY = "1,2";
				VALIDATE_PRODUCT = YES;
			};
			name = Release;
		};
		11CE00A2190EE140008A72CC /* Debug */ = {
			isa = XCBuildConfiguration;
			buildSettings = {
				ASSETCATALOG_COMPILER_APPICON_NAME = AppIcon;
				ASSETCATALOG_COMPILER_LAUNCHIMAGE_NAME = LaunchImage;
				GCC_PRECOMPILE_PREFIX_HEADER = YES;
				GCC_PREFIX_HEADER = "PTSegmentedControlCell/PTSegmentedControlCell-Prefix.pch";
				INFOPLIST_FILE = "PTSegmentedControlCell/PTSegmentedControlCell-Info.plist";
				PRODUCT_NAME = "$(TARGET_NAME)";
				WRAPPER_EXTENSION = app;
			};
			name = Debug;
		};
		11CE00A3190EE140008A72CC /* Release */ = {
			isa = XCBuildConfiguration;
			buildSettings = {
				ASSETCATALOG_COMPILER_APPICON_NAME = AppIcon;
				ASSETCATALOG_COMPILER_LAUNCHIMAGE_NAME = LaunchImage;
				GCC_PRECOMPILE_PREFIX_HEADER = YES;
				GCC_PREFIX_HEADER = "PTSegmentedControlCell/PTSegmentedControlCell-Prefix.pch";
				INFOPLIST_FILE = "PTSegmentedControlCell/PTSegmentedControlCell-Info.plist";
				PRODUCT_NAME = "$(TARGET_NAME)";
				WRAPPER_EXTENSION = app;
			};
			name = Release;
		};
		11CE00A5190EE140008A72CC /* Debug */ = {
			isa = XCBuildConfiguration;
			buildSettings = {
				BUNDLE_LOADER = "$(BUILT_PRODUCTS_DIR)/PTSegmentedControlCell.app/PTSegmentedControlCell";
				FRAMEWORK_SEARCH_PATHS = (
					"$(SDKROOT)/Developer/Library/Frameworks",
					"$(inherited)",
					"$(DEVELOPER_FRAMEWORKS_DIR)",
				);
				GCC_PRECOMPILE_PREFIX_HEADER = YES;
				GCC_PREFIX_HEADER = "PTSegmentedControlCell/PTSegmentedControlCell-Prefix.pch";
				GCC_PREPROCESSOR_DEFINITIONS = (
					"DEBUG=1",
					"$(inherited)",
				);
				INFOPLIST_FILE = "PTSegmentedControlCellTests/PTSegmentedControlCellTests-Info.plist";
				PRODUCT_NAME = "$(TARGET_NAME)";
				TEST_HOST = "$(BUNDLE_LOADER)";
				WRAPPER_EXTENSION = xctest;
			};
			name = Debug;
		};
		11CE00A6190EE140008A72CC /* Release */ = {
			isa = XCBuildConfiguration;
			buildSettings = {
				BUNDLE_LOADER = "$(BUILT_PRODUCTS_DIR)/PTSegmentedControlCell.app/PTSegmentedControlCell";
				FRAMEWORK_SEARCH_PATHS = (
					"$(SDKROOT)/Developer/Library/Frameworks",
					"$(inherited)",
					"$(DEVELOPER_FRAMEWORKS_DIR)",
				);
				GCC_PRECOMPILE_PREFIX_HEADER = YES;
				GCC_PREFIX_HEADER = "PTSegmentedControlCell/PTSegmentedControlCell-Prefix.pch";
				INFOPLIST_FILE = "PTSegmentedControlCellTests/PTSegmentedControlCellTests-Info.plist";
				PRODUCT_NAME = "$(TARGET_NAME)";
				TEST_HOST = "$(BUNDLE_LOADER)";
				WRAPPER_EXTENSION = xctest;
			};
			name = Release;
		};
/* End XCBuildConfiguration section */

/* Begin XCConfigurationList section */
		11CE0067190EE140008A72CC /* Build configuration list for PBXProject "PTSegmentedControlCell" */ = {
			isa = XCConfigurationList;
			buildConfigurations = (
				11CE009F190EE140008A72CC /* Debug */,
				11CE00A0190EE140008A72CC /* Release */,
			);
			defaultConfigurationIsVisible = 0;
			defaultConfigurationName = Release;
		};
		11CE00A1190EE140008A72CC /* Build configuration list for PBXNativeTarget "PTSegmentedControlCell" */ = {
			isa = XCConfigurationList;
			buildConfigurations = (
				11CE00A2190EE140008A72CC /* Debug */,
				11CE00A3190EE140008A72CC /* Release */,
			);
			defaultConfigurationIsVisible = 0;
			defaultConfigurationName = Release;
		};
		11CE00A4190EE140008A72CC /* Build configuration list for PBXNativeTarget "PTSegmentedControlCellTests" */ = {
			isa = XCConfigurationList;
			buildConfigurations = (
				11CE00A5190EE140008A72CC /* Debug */,
				11CE00A6190EE140008A72CC /* Release */,
			);
			defaultConfigurationIsVisible = 0;
			defaultConfigurationName = Release;
		};
/* End XCConfigurationList section */
	};
	rootObject = 11CE0064190EE140008A72CC /* Project object */;
}
